{
  "name": "template",
  "version": "1.0.0",
  "lockfileVersion": 1,
  "requires": true,
  "dependencies": {
    "types-for-adobe": {
      "version": "github:ten-A/types-for-adobe#5cd1898a5a32ac1819afc4c6a80b015a60c7e24e",
      "from": "github:ten-A/types-for-adobe",
      "dev": true
    }
  }
}
